
Microsoft Visual Studio Solution File, Format Version 12.00
# Visual Studio Version 16
VisualStudioVersion = 16.0.28803.352
MinimumVisualStudioVersion = 10.0.40219.1
Project("{FAE04EC0-301F-11D3-BF4B-00C04F79EFBC}") = "EjerciciosLibroCSharp", "EjerciciosLibroCSharp\EjerciciosLibroCSharp.csproj", "{87AD262E-8037-4C3B-B38C-549F7EB1A211}"
EndProject
Global
	GlobalSection(SolutionConfigurationPlatforms) = preSolution
		Debug|Any CPU = Debug|Any CPU
		Release|Any CPU = Release|Any CPU
	EndGlobalSection
	GlobalSection(ProjectConfigurationPlatforms) = postSolution
		{87AD262E-8037-4C3B-B38C-549F7EB1A211}.Debug|Any CPU.ActiveCfg = Debug|Any CPU
		{87AD262E-8037-4C3B-B38C-549F7EB1A211}.Debug|Any CPU.Build.0 = Debug|Any CPU
		{87AD262E-8037-4C3B-B38C-549F7EB1A211}.Release|Any CPU.ActiveCfg = Release|Any CPU
		{87AD262E-8037-4C3B-B38C-549F7EB1A211}.Release|Any CPU.Build.0 = Release|Any CPU
	EndGlobalSection
	GlobalSection(SolutionProperties) = preSolution
		HideSolutionNode = FALSE
	EndGlobalSection
	GlobalSection(ExtensibilityGlobals) = postSolution
		SolutionGuid = {C8AA435A-F117-44C3-96D5-4DD8C03AEC5D}
	EndGlobalSection
EndGlobal
